<?xml version="1.0" encoding="utf-8"?>
<Project ToolsVersion="4.0" xmlns="http://schemas.microsoft.com/developer/msbuild/2003">
  <ItemGroup>
    <ClCompile Include="main.cpp">
      <Filter>Source</Filter>
    </ClCompile>
    <ClCompile Include="DebugGUI.cpp">
      <Filter>Source\Utils</Filter>
    </ClCompile>
    <ClCompile Include="Profiler.cpp">
      <Filter>Source\Utils</Filter>
    </ClCompile>
    <ClCompile Include="PerfTimer.cpp">
      <Filter>Source\Utils</Filter>
    </ClCompile>
    <ClCompile Include="Timer.cpp">
      <Filter>Source\Utils</Filter>
    </ClCompile>
    <ClCompile Include="Camera.cpp">
      <Filter>Source</Filter>
    </ClCompile>
    <ClCompile Include="DeviceHandler.cpp">
      <Filter>Source\DirectX</Filter>
    </ClCompile>
    <ClCompile Include="ShaderSet.cpp">
      <Filter>Source\DirectX</Filter>
    </ClCompile>
    <ClCompile Include="TextureRenderer.cpp">
      <Filter>Source\DirectX</Filter>
    </ClCompile>
    <ClCompile Include="InputHandler.cpp">
      <Filter>Source\DirectX</Filter>
    </ClCompile>
    <ClCompile Include="D3DDebugger.cpp">
      <Filter>Source\DirectX</Filter>
    </ClCompile>
    <ClCompile Include="ObjFileReader.cpp">
      <Filter>Source</Filter>
    </ClCompile>
    <ClCompile Include="Model.cpp">
      <Filter>Source</Filter>
    </ClCompile>
    <ClCompile Include="RayTracer.cpp">
      <Filter>Source</Filter>
    </ClCompile>
    <ClCompile Include="Tests.cpp">
      <Filter>Tests</Filter>
    </ClCompile>
    <ClCompile Include="VectorTest.cpp">
      <Filter>Tests</Filter>
    </ClCompile>
    <ClCompile Include="BoundingBoxTest.cpp">
      <Filter>Tests</Filter>
    </ClCompile>
    <ClCompile Include="BvhTest.cpp">
      <Filter>Tests</Filter>
    </ClCompile>
  </ItemGroup>
  <ItemGroup>
    <ClInclude Include="globals.h">
      <Filter>Source</Filter>
    </ClInclude>
    <ClInclude Include="preProc.h">
      <Filter>Source</Filter>
    </ClInclude>
    <ClInclude Include="DebugGUI.h">
      <Filter>Source\Utils</Filter>
    </ClInclude>
    <ClInclude Include="Utils.h">
      <Filter>Source\Utils</Filter>
    </ClInclude>
    <ClInclude Include="Profiler.h">
      <Filter>Source\Utils</Filter>
    </ClInclude>
    <ClInclude Include="PerfTimer.h">
      <Filter>Source\Utils</Filter>
    </ClInclude>
    <ClInclude Include="Timer.h">
      <Filter>Source\Utils</Filter>
    </ClInclude>
    <ClInclude Include="Camera.h">
      <Filter>Source</Filter>
    </ClInclude>
    <ClInclude Include="GlobalCudaArray.h">
      <Filter>Source\Cuda utils</Filter>
    </ClInclude>
    <ClInclude Include="GlobalCudaVector.h">
      <Filter>Source\Cuda utils</Filter>
    </ClInclude>
    <ClInclude Include="DeviceHandler.h">
      <Filter>Source\DirectX</Filter>
    </ClInclude>
    <ClInclude Include="ShaderSet.h">
      <Filter>Source\DirectX</Filter>
    </ClInclude>
    <ClInclude Include="LayoutFactory.h">
      <Filter>Source\DirectX</Filter>
    </ClInclude>
    <ClInclude Include="TextureRenderer.h">
      <Filter>Source\DirectX</Filter>
    </ClInclude>
    <ClInclude Include="cudaUtils.h">
      <Filter>Source\Cuda utils</Filter>
    </ClInclude>
    <ClInclude Include="InputHandler.h">
      <Filter>Source\DirectX</Filter>
    </ClInclude>
    <ClInclude Include="D3DDebugger.h">
      <Filter>Source\DirectX</Filter>
    </ClInclude>
    <ClInclude Include="D3DVertex.h">
      <Filter>Source\DirectX</Filter>
    </ClInclude>
    <ClInclude Include="D3DCudaTextureSet.h">
      <Filter>Source\DirectX</Filter>
    </ClInclude>
    <ClInclude Include="ObjFileReader.h">
      <Filter>Source</Filter>
    </ClInclude>
    <ClInclude Include="Model.h">
      <Filter>Source</Filter>
    </ClInclude>
    <ClInclude Include="RayTracer.h">
      <Filter>Source</Filter>
    </ClInclude>
    <ClInclude Include="Statistics.h">
      <Filter>Source</Filter>
    </ClInclude>
    <ClInclude Include="Service.h">
      <Filter>Source</Filter>
    </ClInclude>
    <ClInclude Include="PicDumper.h">
      <Filter>Source</Filter>
    </ClInclude>
    <ClInclude Include="CudaMesh.h">
      <Filter>Source</Filter>
    </ClInclude>
    <ClInclude Include="Popup.h">
      <Filter>Source\Utils</Filter>
    </ClInclude>
    <ClInclude Include="BVH.h">
      <Filter>Source</Filter>
    </ClInclude>
    <ClInclude Include="main.cuh">
      <Filter>Cuda kernels</Filter>
    </ClInclude>
    <ClInclude Include="Triangle.cuh">
      <Filter>Cuda kernels\Shapes</Filter>
    </ClInclude>
    <ClInclude Include="SurfaceData.cuh">
      <Filter>Cuda kernels\Utils</Filter>
    </ClInclude>
    <ClInclude Include="LinearNode.cuh">
      <Filter>Cuda kernels\Utils</Filter>
    </ClInclude>
    <ClInclude Include="Material.cuh">
      <Filter>Cuda kernels\Shapes</Filter>
    </ClInclude>
  </ItemGroup>
  <ItemGroup>
    <Filter Include="Source">
      <UniqueIdentifier>{2139d3f4-7aa3-4371-8de3-71320e2b6288}</UniqueIdentifier>
    </Filter>
    <Filter Include="Shaders">
      <UniqueIdentifier>{bc26860b-ccf3-4178-bc6c-b64728af81ef}</UniqueIdentifier>
    </Filter>
    <Filter Include="Cuda kernels">
      <UniqueIdentifier>{9e0b90a8-ee86-4408-8af6-e0102eef8c12}</UniqueIdentifier>
    </Filter>
    <Filter Include="Source\Utils">
      <UniqueIdentifier>{3d230d8b-9d45-44ef-8a1c-a83858e964f6}</UniqueIdentifier>
    </Filter>
    <Filter Include="Cuda kernels\Utils">
      <UniqueIdentifier>{e6d8bd9f-d2e3-47d5-a8a8-df33cb0af2c0}</UniqueIdentifier>
    </Filter>
    <Filter Include="Source\Cuda utils">
      <UniqueIdentifier>{cc409995-ec9a-4db4-b30e-06e16149d6b4}</UniqueIdentifier>
    </Filter>
    <Filter Include="Cuda kernels\Shapes">
      <UniqueIdentifier>{a6a47d45-48cb-42bb-ac3a-68509861a128}</UniqueIdentifier>
    </Filter>
    <Filter Include="Source\DirectX">
      <UniqueIdentifier>{9014a7a6-53e9-468a-8daf-1647acddfc92}</UniqueIdentifier>
    </Filter>
    <Filter Include="Tests">
      <UniqueIdentifier>{011611bb-7f99-48c4-ab99-fe85414b673f}</UniqueIdentifier>
    </Filter>
  </ItemGroup>
  <ItemGroup>
    <FxCompile Include="..\shaders\common.hlsl">
      <Filter>Shaders</Filter>
    </FxCompile>
    <FxCompile Include="..\shaders\regularPs.hlsl">
      <Filter>Shaders</Filter>
    </FxCompile>
    <FxCompile Include="..\shaders\regularVs.hlsl">
      <Filter>Shaders</Filter>
    </FxCompile>
  </ItemGroup>
  <ItemGroup>
    <CudaCompile Include="main.cu">
      <Filter>Cuda kernels</Filter>
    </CudaCompile>
    <CudaCompile Include="Tracer.cuh">
      <Filter>Cuda kernels</Filter>
    </CudaCompile>
    <CudaCompile Include="Tracer.cu">
      <Filter>Cuda kernels</Filter>
    </CudaCompile>
  </ItemGroup>
  <ItemGroup>
    <None Include="Light.cuh">
      <Filter>Cuda kernels\Utils</Filter>
    </None>
    <None Include="Options.cuh">
      <Filter>Cuda kernels\Utils</Filter>
    </None>
    <None Include="Vec.cuh">
      <Filter>Cuda kernels\Utils</Filter>
    </None>
    <None Include="Mat.cuh">
      <Filter>Cuda kernels\Utils</Filter>
    </None>
    <None Include="Sphere.cuh">
      <Filter>Cuda kernels\Shapes</Filter>
    </None>
    <None Include="Scene.cuh">
      <Filter>Cuda kernels\Shapes</Filter>
    </None>
    <None Include="Mesh.cuh">
      <Filter>Cuda kernels\Shapes</Filter>
    </None>
    <None Include="Shape.cuh">
      <Filter>Cuda kernels\Shapes</Filter>
    </None>
    <None Include="BoundingBox.cuh">
      <Filter>Cuda kernels\Utils</Filter>
    </None>
    <None Include="Ray.cuh">
      <Filter>Cuda kernels</Filter>
    </None>
    <None Include="Vertex.cuh">
      <Filter>Cuda kernels\Utils</Filter>
    </None>
    <None Include="Texture.cuh">
      <Filter>Cuda kernels\Utils</Filter>
    </None>
  </ItemGroup>
</Project>